
Microsoft Visual Studio Solution File, Format Version 12.00
# Visual Studio Version 17
VisualStudioVersion = 17.3.32825.248
MinimumVisualStudioVersion = 10.0.40219.1
Project("{FAE04EC0-301F-11D3-BF4B-00C04F79EFBC}") = "StableDiffusionLauncher", "StableDiffusionLauncher\StableDiffusionLauncher.csproj", "{029C6E97-3221-465C-8F30-C38AFD24C749}"
EndProject
Project("{FAE04EC0-301F-11D3-BF4B-00C04F79EFBC}") = "JsonConfig", "DotNetJsonConfig\JsonConfig.csproj", "{9F190481-9D82-4766-91AC-A532769F13DE}"
EndProject
Global
	GlobalSection(SolutionConfigurationPlatforms) = preSolution
		Debug|Any CPU = Debug|Any CPU
		Release|Any CPU = Release|Any CPU
	EndGlobalSection
	GlobalSection(ProjectConfigurationPlatforms) = postSolution
		{029C6E97-3221-465C-8F30-C38AFD24C749}.Debug|Any CPU.ActiveCfg = Debug|Any CPU
		{029C6E97-3221-465C-8F30-C38AFD24C749}.Debug|Any CPU.Build.0 = Debug|Any CPU
		{029C6E97-3221-465C-8F30-C38AFD24C749}.Release|Any CPU.ActiveCfg = Release|Any CPU
		{029C6E97-3221-465C-8F30-C38AFD24C749}.Release|Any CPU.Build.0 = Release|Any CPU
		{9F190481-9D82-4766-91AC-A532769F13DE}.Debug|Any CPU.ActiveCfg = Debug|Any CPU
		{9F190481-9D82-4766-91AC-A532769F13DE}.Debug|Any CPU.Build.0 = Debug|Any CPU
		{9F190481-9D82-4766-91AC-A532769F13DE}.Release|Any CPU.ActiveCfg = Release|Any CPU
		{9F190481-9D82-4766-91AC-A532769F13DE}.Release|Any CPU.Build.0 = Release|Any CPU
	EndGlobalSection
	GlobalSection(SolutionProperties) = preSolution
		HideSolutionNode = FALSE
	EndGlobalSection
	GlobalSection(ExtensibilityGlobals) = postSolution
		SolutionGuid = {8D2928A7-8621-4E44-9205-FFD30DFB1767}
	EndGlobalSection
EndGlobal
